
Microsoft Visual Studio Solution File, Format Version 12.00
# Visual Studio Version 17
VisualStudioVersion = 17.13.35919.96
MinimumVisualStudioVersion = 10.0.40219.1
Project("{FAE04EC0-301F-11D3-BF4B-00C04F79EFBC}") = "ServeSharp.Core", "ServeSharp.Core\ServeSharp.Core.csproj", "{485FCACE-F483-4A85-87FA-24E0A5ADE12B}"
EndProject
Project("{FAE04EC0-301F-11D3-BF4B-00C04F79EFBC}") = "ServeSharp.Core.Test", "ServeSharp.Core.Test\ServeSharp.Core.Test.csproj", "{5CC5DF3A-2C16-4393-A476-B3F7F980239A}"
EndProject
Global
	GlobalSection(SolutionConfigurationPlatforms) = preSolution
		Debug|Any CPU = Debug|Any CPU
		Release|Any CPU = Release|Any CPU
	EndGlobalSection
	GlobalSection(ProjectConfigurationPlatforms) = postSolution
		{485FCACE-F483-4A85-87FA-24E0A5ADE12B}.Debug|Any CPU.ActiveCfg = Debug|Any CPU
		{485FCACE-F483-4A85-87FA-24E0A5ADE12B}.Debug|Any CPU.Build.0 = Debug|Any CPU
		{485FCACE-F483-4A85-87FA-24E0A5ADE12B}.Release|Any CPU.ActiveCfg = Release|Any CPU
		{485FCACE-F483-4A85-87FA-24E0A5ADE12B}.Release|Any CPU.Build.0 = Release|Any CPU
		{5CC5DF3A-2C16-4393-A476-B3F7F980239A}.Debug|Any CPU.ActiveCfg = Debug|Any CPU
		{5CC5DF3A-2C16-4393-A476-B3F7F980239A}.Debug|Any CPU.Build.0 = Debug|Any CPU
		{5CC5DF3A-2C16-4393-A476-B3F7F980239A}.Release|Any CPU.ActiveCfg = Release|Any CPU
		{5CC5DF3A-2C16-4393-A476-B3F7F980239A}.Release|Any CPU.Build.0 = Release|Any CPU
	EndGlobalSection
	GlobalSection(SolutionProperties) = preSolution
		HideSolutionNode = FALSE
	EndGlobalSection
	GlobalSection(ExtensibilityGlobals) = postSolution
		SolutionGuid = {9EC6A7B6-DDBD-4D7E-9C3C-F62F39C896A5}
	EndGlobalSection
EndGlobal
