{
  "version": 1,
  "dependencies": {
    "net8.0": {
      "Castle.Core": {
        "type": "Transitive",
        "resolved": "5.2.1",
        "contentHash": "wHARzQA695jwwKreOzNsq54KiGqKP38tv8hi8e2FXDEC/sA6BtrX90tVPDkOfVu13PbEzr00TCV8coikl+D1Iw==",
        "dependencies": {
          "System.Diagnostics.EventLog": "6.0.0"
        }
      },
      "sly": {
        "type": "Transitive",
        "resolved": "3.7.7",
        "contentHash": "0ST8UN+KZUZ7jcUWfBHHz940372zDyWDrbhhvJUiYdOEsQuDRElAICMyeVuTlIqxWfQczDmLtIT/VJG81ltcgg==",
        "dependencies": {
          "System.Collections.Immutable": "9.0.10",
          "System.Text.Json": "9.0.10",
          "System.ValueTuple": "4.6.1"
        }
      },
      "System.Collections.Immutable": {
        "type": "Transitive",
        "resolved": "9.0.10",
        "contentHash": "2FkVxKnJVqFtv5zGKSEu2FPqbOScpxw+CvgV0C2MYtXPrT1ZcylAdYlTj3S64iRDV7HGykvagoadUUhZN1/eQg=="
      },
      "System.Diagnostics.EventLog": {
        "type": "Transitive",
        "resolved": "6.0.0",
        "contentHash": "lcyUiXTsETK2ALsZrX+nWuHSIQeazhqPphLfaRxzdGaG93+0kELqpgEHtwWOlQe7+jSFnKwaCAgL4kjeZCQJnw=="
      },
      "System.IO.Pipelines": {
        "type": "Transitive",
        "resolved": "9.0.10",
        "contentHash": "lwI0mhHcCxMtNSxB5ate9Gc9petWovRBUprtjz2yiIDDZPGBIaUiqNzQHJzjPuzTnvNbEMilpAXjDguKsU/2Fg=="
      },
      "System.Text.Encodings.Web": {
        "type": "Transitive",
        "resolved": "9.0.10",
        "contentHash": "znmiJFUa0GGwq7t6ShUKBDRlPsNJaudNFI7rVeyGnRBhiRMegBvu2GRcadThP/QX/a5UpGgZbe6tolDooobj/Q=="
      },
      "System.Text.Json": {
        "type": "Transitive",
        "resolved": "9.0.10",
        "contentHash": "XM02ZBnzxk7Ti6l9YRy8Bp639wANqJzJzw4W4VYiCh+HXY9hBOWkGB4k89OLP/s/RxgM02P4a/mWcJTgFiLf1Q==",
        "dependencies": {
          "System.IO.Pipelines": "9.0.10",
          "System.Text.Encodings.Web": "9.0.10"
        }
      },
      "System.ValueTuple": {
        "type": "Transitive",
        "resolved": "4.6.1",
        "contentHash": "+RJT4qaekpZ7DDLhf+LTjq+E48jieKiY9ulJ+BoxKmZblIJfIJT8Ufcaa/clQqnYvWs8jugfGSMu8ylS0caG0w=="
      },
      "servesharp.core": {
        "type": "Project",
        "dependencies": {
          "Castle.Core": "[5.2.1, )",
          "sly": "[3.7.7, )"
        }
      },
      "servesharp.nethttplistener": {
        "type": "Project",
        "dependencies": {
          "ServeSharp.Core": "[1.0.0, )"
        }
      }
    }
  }
}