{
  "version": 1,
  "dependencies": {
    "net8.0-windows7.0": {
      "CefSharp.Wpf.NETCore": {
        "type": "Direct",
        "requested": "[137.0.100, )",
        "resolved": "137.0.100",
        "contentHash": "UvARoqW/3YcF6pvyNzBMUzP4LiCfZVf0lweXXzfhqSXBNjb2JF/FOXre+9B3/2TUWNDlxmETgGotOwbCGoq0rg==",
        "dependencies": {
          "CefSharp.Common.NETCore": "[137.0.100]"
        }
      },
      "Castle.Core": {
        "type": "Transitive",
        "resolved": "5.2.1",
        "contentHash": "wHARzQA695jwwKreOzNsq54KiGqKP38tv8hi8e2FXDEC/sA6BtrX90tVPDkOfVu13PbEzr00TCV8coikl+D1Iw==",
        "dependencies": {
          "System.Diagnostics.EventLog": "6.0.0"
        }
      },
      "CefSharp.Common.NETCore": {
        "type": "Transitive",
        "resolved": "137.0.100",
        "contentHash": "0Ov52A64yVOUA8Ym6eW6/9WFpG5NU5rZZVJ6ojq+I7b+qbvNpSMufmsqb+xOze/I4O4VZlfVAfqW+7ZGeE9ZiA==",
        "dependencies": {
          "chromiumembeddedframework.runtime": "[137.0.10]"
        }
      },
      "chromiumembeddedframework.runtime": {
        "type": "Transitive",
        "resolved": "137.0.10",
        "contentHash": "y6kU5I4UgpANvpSGU3cb8XikJ5vCrfiO82E9tFhXNkOyygP/5iz2Ql2cg9YiO9ZUPrU6ME/4rw4NqwcmPAEmow=="
      },
      "sly": {
        "type": "Transitive",
        "resolved": "3.8.1",
        "contentHash": "X4S3FTEppWjgS7Ji3nDBwglbl4NVZgBKaD1ScW542GPmxPo1NzUrC6JTpNNBv1D9+fLILJ2FWSxJd8BoLDlhDQ==",
        "dependencies": {
          "System.Collections.Immutable": "9.0.8",
          "System.Text.Json": "9.0.8",
          "System.ValueTuple": "4.6.1"
        }
      },
      "System.Collections.Immutable": {
        "type": "Transitive",
        "resolved": "9.0.8",
        "contentHash": "Eje6exD7AGKPg5SIkmjyWTBq0KK6SpfTBfdFUmpGG07mNbYimFJ+jyVnILcs0ikFOXoYTBpBOxKYgAk2hhjYOw=="
      },
      "System.Diagnostics.EventLog": {
        "type": "Transitive",
        "resolved": "6.0.0",
        "contentHash": "lcyUiXTsETK2ALsZrX+nWuHSIQeazhqPphLfaRxzdGaG93+0kELqpgEHtwWOlQe7+jSFnKwaCAgL4kjeZCQJnw=="
      },
      "System.IO.Pipelines": {
        "type": "Transitive",
        "resolved": "9.0.8",
        "contentHash": "6vPmJt73mgUo1gzc/OcXlJvClz/2jxZ4TQPRfriVaLoGRH2mye530D9WHJYbFQRNMxF3PWCoeofsFdCyN7fLzA=="
      },
      "System.Text.Encodings.Web": {
        "type": "Transitive",
        "resolved": "9.0.8",
        "contentHash": "W+LotQsM4wBJ4PG7uRkyul4wqL4Fz7R4ty6uXrCNZUhbaHYANgrPaYR2ZpMVpdCjQEJ17Jr1NMN8hv4SHaHY4A=="
      },
      "System.Text.Json": {
        "type": "Transitive",
        "resolved": "9.0.8",
        "contentHash": "mIQir9jBqk0V7X0Nw5hzPJZC8DuGdf+2DS3jAVsr6rq5+/VyH5rza0XGcONJUWBrZ+G6BCwNyjWYd9lncBu48A==",
        "dependencies": {
          "System.IO.Pipelines": "9.0.8",
          "System.Text.Encodings.Web": "9.0.8"
        }
      },
      "System.ValueTuple": {
        "type": "Transitive",
        "resolved": "4.6.1",
        "contentHash": "+RJT4qaekpZ7DDLhf+LTjq+E48jieKiY9ulJ+BoxKmZblIJfIJT8Ufcaa/clQqnYvWs8jugfGSMu8ylS0caG0w=="
      },
      "servesharp.cefsharpcore": {
        "type": "Project",
        "dependencies": {
          "CefSharp.Common.NETCore": "[137.0.100, )",
          "ServeSharp.Core": "[1.0.0, )"
        }
      },
      "servesharp.core": {
        "type": "Project",
        "dependencies": {
          "Castle.Core": "[5.2.1, )",
          "sly": "[3.8.1, )"
        }
      }
    },
    "net8.0-windows7.0/linux-x64": {
      "CefSharp.Common.NETCore": {
        "type": "Transitive",
        "resolved": "137.0.100",
        "contentHash": "0Ov52A64yVOUA8Ym6eW6/9WFpG5NU5rZZVJ6ojq+I7b+qbvNpSMufmsqb+xOze/I4O4VZlfVAfqW+7ZGeE9ZiA==",
        "dependencies": {
          "chromiumembeddedframework.runtime": "[137.0.10]"
        }
      },
      "System.Diagnostics.EventLog": {
        "type": "Transitive",
        "resolved": "6.0.0",
        "contentHash": "lcyUiXTsETK2ALsZrX+nWuHSIQeazhqPphLfaRxzdGaG93+0kELqpgEHtwWOlQe7+jSFnKwaCAgL4kjeZCQJnw=="
      },
      "System.Text.Encodings.Web": {
        "type": "Transitive",
        "resolved": "9.0.8",
        "contentHash": "W+LotQsM4wBJ4PG7uRkyul4wqL4Fz7R4ty6uXrCNZUhbaHYANgrPaYR2ZpMVpdCjQEJ17Jr1NMN8hv4SHaHY4A=="
      }
    }
  }
}